// !$*UTF8*$!
{
	archiveVersion = 1;
	classes = {
	};
	objectVersion = 56;
	objects = {

/* Begin PBXBuildFile section */
		E90478BE2B20B8DB00F6488D /* ImagesListCell.swift in Sources */ = {isa = PBXBuildFile; fileRef = E90478BD2B20B8DB00F6488D /* ImagesListCell.swift */; };
		E93B9A442B2B51F00032E56D /* ProfileViewController.swift in Sources */ = {isa = PBXBuildFile; fileRef = E93B9A432B2B51F00032E56D /* ProfileViewController.swift */; };
		E970FE742B474DEE00F7B928 /* SingleImageViewController.swift in Sources */ = {isa = PBXBuildFile; fileRef = E970FE732B474DEE00F7B928 /* SingleImageViewController.swift */; };
		E9A0C3472B598BDE001AEF1D /* Constants.swift in Sources */ = {isa = PBXBuildFile; fileRef = E9A0C3462B598BDE001AEF1D /* Constants.swift */; };
		E9A3F4FA2B7D3EBE0048B4BF /* Kingfisher in Frameworks */ = {isa = PBXBuildFile; productRef = E9A3F4F92B7D3EBE0048B4BF /* Kingfisher */; };
		E9A3F4FC2B7D55940048B4BF /* TabBarController.swift in Sources */ = {isa = PBXBuildFile; fileRef = E9A3F4FB2B7D55940048B4BF /* TabBarController.swift */; };
		E9A507F32B18D2EB0009D5B5 /* AppDelegate.swift in Sources */ = {isa = PBXBuildFile; fileRef = E9A507F22B18D2EB0009D5B5 /* AppDelegate.swift */; };
		E9A507F52B18D2EB0009D5B5 /* SceneDelegate.swift in Sources */ = {isa = PBXBuildFile; fileRef = E9A507F42B18D2EB0009D5B5 /* SceneDelegate.swift */; };
		E9A507F72B18D2EB0009D5B5 /* ImagesListViewController.swift in Sources */ = {isa = PBXBuildFile; fileRef = E9A507F62B18D2EB0009D5B5 /* ImagesListViewController.swift */; };
		E9A507FA2B18D2EB0009D5B5 /* Main.storyboard in Resources */ = {isa = PBXBuildFile; fileRef = E9A507F82B18D2EB0009D5B5 /* Main.storyboard */; };
		E9A507FC2B18D2ED0009D5B5 /* Assets.xcassets in Resources */ = {isa = PBXBuildFile; fileRef = E9A507FB2B18D2ED0009D5B5 /* Assets.xcassets */; };
		E9A507FF2B18D2ED0009D5B5 /* LaunchScreen.storyboard in Resources */ = {isa = PBXBuildFile; fileRef = E9A507FD2B18D2ED0009D5B5 /* LaunchScreen.storyboard */; };
		E9B07A082B97914D00D881B1 /* WebViewPresenter.swift in Sources */ = {isa = PBXBuildFile; fileRef = E9B07A072B97914D00D881B1 /* WebViewPresenter.swift */; };
		E9B0CEAA2B69313A0073168C /* OAuth2Service.swift in Sources */ = {isa = PBXBuildFile; fileRef = E9B0CEA92B69313A0073168C /* OAuth2Service.swift */; };
		E9B0CEAC2B69315B0073168C /* OAuth2TokenStorage.swift in Sources */ = {isa = PBXBuildFile; fileRef = E9B0CEAB2B69315B0073168C /* OAuth2TokenStorage.swift */; };
		E9B0CEAF2B695CFC0073168C /* SplashViewController.swift in Sources */ = {isa = PBXBuildFile; fileRef = E9B0CEAE2B695CFC0073168C /* SplashViewController.swift */; };
		E9B0CEB52B6D57180073168C /* ProgressHUD in Frameworks */ = {isa = PBXBuildFile; productRef = E9B0CEB42B6D57180073168C /* ProgressHUD */; };
		E9C5A8EA2B851C630045D054 /* ImagesListService.swift in Sources */ = {isa = PBXBuildFile; fileRef = E9C5A8E92B851C630045D054 /* ImagesListService.swift */; };
		E9C5A8EC2B8542BC0045D054 /* PhotoResultModel.swift in Sources */ = {isa = PBXBuildFile; fileRef = E9C5A8EB2B8542BC0045D054 /* PhotoResultModel.swift */; };
		E9DAA0F02B72A38000A018ED /* UIBlockingProgressHUD.swift in Sources */ = {isa = PBXBuildFile; fileRef = E9DAA0EF2B72A38000A018ED /* UIBlockingProgressHUD.swift */; };
		E9DAA0F22B72AAB300A018ED /* ProfileService.swift in Sources */ = {isa = PBXBuildFile; fileRef = E9DAA0F12B72AAB300A018ED /* ProfileService.swift */; };
		E9DAA0F52B74185500A018ED /* URLSession+Extension.swift in Sources */ = {isa = PBXBuildFile; fileRef = E9DAA0F42B74185500A018ED /* URLSession+Extension.swift */; };
		E9DAA0F82B741AFB00A018ED /* SwiftKeychainWrapper in Frameworks */ = {isa = PBXBuildFile; productRef = E9DAA0F72B741AFB00A018ED /* SwiftKeychainWrapper */; };
		E9DAA0FA2B74200E00A018ED /* OAuthTokenResponseBody.swift in Sources */ = {isa = PBXBuildFile; fileRef = E9DAA0F92B74200E00A018ED /* OAuthTokenResponseBody.swift */; };
		E9DAA0FD2B754F0100A018ED /* ProfileModel.swift in Sources */ = {isa = PBXBuildFile; fileRef = E9DAA0FC2B754F0100A018ED /* ProfileModel.swift */; };
		E9DAA0FF2B754F2400A018ED /* ProfileResultModel.swift in Sources */ = {isa = PBXBuildFile; fileRef = E9DAA0FE2B754F2400A018ED /* ProfileResultModel.swift */; };
		E9DAA1012B75515000A018ED /* URLRequestExtension.swift in Sources */ = {isa = PBXBuildFile; fileRef = E9DAA1002B75515000A018ED /* URLRequestExtension.swift */; };
		E9DAA1062B7BDE5F00A018ED /* ProfileImageService.swift in Sources */ = {isa = PBXBuildFile; fileRef = E9DAA1052B7BDE5F00A018ED /* ProfileImageService.swift */; };
		E9DAA10A2B7BE20300A018ED /* UserResultModel.swift in Sources */ = {isa = PBXBuildFile; fileRef = E9DAA1092B7BE20300A018ED /* UserResultModel.swift */; };
		E9DAA10C2B7BF68100A018ED /* AlertModel.swift in Sources */ = {isa = PBXBuildFile; fileRef = E9DAA10B2B7BF68100A018ED /* AlertModel.swift */; };
		E9DAA1102B7BF8A900A018ED /* AlertPresenter.swift in Sources */ = {isa = PBXBuildFile; fileRef = E9DAA10F2B7BF8A900A018ED /* AlertPresenter.swift */; };
		E9E196FD2B5F237000E666AA /* AuthViewController.swift in Sources */ = {isa = PBXBuildFile; fileRef = E9E196FC2B5F237000E666AA /* AuthViewController.swift */; };
		E9E197002B5F2E9200E666AA /* WebViewViewController.swift in Sources */ = {isa = PBXBuildFile; fileRef = E9E196FF2B5F2E9200E666AA /* WebViewViewController.swift */; };
		E9E6D15F2B88CE0700CD3C39 /* ProfileLogoutService.swift in Sources */ = {isa = PBXBuildFile; fileRef = E9E6D15E2B88CE0700CD3C39 /* ProfileLogoutService.swift */; };
/* End PBXBuildFile section */

/* Begin PBXFileReference section */
		E90478BD2B20B8DB00F6488D /* ImagesListCell.swift */ = {isa = PBXFileReference; lastKnownFileType = sourcecode.swift; path = ImagesListCell.swift; sourceTree = "<group>"; };
		E93B9A432B2B51F00032E56D /* ProfileViewController.swift */ = {isa = PBXFileReference; lastKnownFileType = sourcecode.swift; path = ProfileViewController.swift; sourceTree = "<group>"; };
		E970FE732B474DEE00F7B928 /* SingleImageViewController.swift */ = {isa = PBXFileReference; lastKnownFileType = sourcecode.swift; path = SingleImageViewController.swift; sourceTree = "<group>"; };
		E9A0C3462B598BDE001AEF1D /* Constants.swift */ = {isa = PBXFileReference; lastKnownFileType = sourcecode.swift; path = Constants.swift; sourceTree = "<group>"; };
		E9A3F4FB2B7D55940048B4BF /* TabBarController.swift */ = {isa = PBXFileReference; lastKnownFileType = sourcecode.swift; path = TabBarController.swift; sourceTree = "<group>"; };
		E9A507EF2B18D2EB0009D5B5 /* ImageFeed.app */ = {isa = PBXFileReference; explicitFileType = wrapper.application; includeInIndex = 0; path = ImageFeed.app; sourceTree = BUILT_PRODUCTS_DIR; };
		E9A507F22B18D2EB0009D5B5 /* AppDelegate.swift */ = {isa = PBXFileReference; lastKnownFileType = sourcecode.swift; path = AppDelegate.swift; sourceTree = "<group>"; };
		E9A507F42B18D2EB0009D5B5 /* SceneDelegate.swift */ = {isa = PBXFileReference; lastKnownFileType = sourcecode.swift; path = SceneDelegate.swift; sourceTree = "<group>"; };
		E9A507F62B18D2EB0009D5B5 /* ImagesListViewController.swift */ = {isa = PBXFileReference; lastKnownFileType = sourcecode.swift; path = ImagesListViewController.swift; sourceTree = "<group>"; };
		E9A507F92B18D2EB0009D5B5 /* Base */ = {isa = PBXFileReference; lastKnownFileType = file.storyboard; name = Base; path = Base.lproj/Main.storyboard; sourceTree = "<group>"; };
		E9A507FB2B18D2ED0009D5B5 /* Assets.xcassets */ = {isa = PBXFileReference; lastKnownFileType = folder.assetcatalog; path = Assets.xcassets; sourceTree = "<group>"; };
		E9A507FE2B18D2ED0009D5B5 /* Base */ = {isa = PBXFileReference; lastKnownFileType = file.storyboard; name = Base; path = Base.lproj/LaunchScreen.storyboard; sourceTree = "<group>"; };
		E9A508002B18D2ED0009D5B5 /* Info.plist */ = {isa = PBXFileReference; lastKnownFileType = text.plist.xml; path = Info.plist; sourceTree = "<group>"; };
		E9B07A072B97914D00D881B1 /* WebViewPresenter.swift */ = {isa = PBXFileReference; lastKnownFileType = sourcecode.swift; path = WebViewPresenter.swift; sourceTree = "<group>"; };
		E9B0CEA92B69313A0073168C /* OAuth2Service.swift */ = {isa = PBXFileReference; lastKnownFileType = sourcecode.swift; path = OAuth2Service.swift; sourceTree = "<group>"; };
		E9B0CEAB2B69315B0073168C /* OAuth2TokenStorage.swift */ = {isa = PBXFileReference; lastKnownFileType = sourcecode.swift; path = OAuth2TokenStorage.swift; sourceTree = "<group>"; };
		E9B0CEAE2B695CFC0073168C /* SplashViewController.swift */ = {isa = PBXFileReference; lastKnownFileType = sourcecode.swift; path = SplashViewController.swift; sourceTree = "<group>"; };
		E9C5A8E92B851C630045D054 /* ImagesListService.swift */ = {isa = PBXFileReference; lastKnownFileType = sourcecode.swift; path = ImagesListService.swift; sourceTree = "<group>"; };
		E9C5A8EB2B8542BC0045D054 /* PhotoResultModel.swift */ = {isa = PBXFileReference; lastKnownFileType = sourcecode.swift; path = PhotoResultModel.swift; sourceTree = "<group>"; };
		E9DAA0EF2B72A38000A018ED /* UIBlockingProgressHUD.swift */ = {isa = PBXFileReference; lastKnownFileType = sourcecode.swift; path = UIBlockingProgressHUD.swift; sourceTree = "<group>"; };
		E9DAA0F12B72AAB300A018ED /* ProfileService.swift */ = {isa = PBXFileReference; lastKnownFileType = sourcecode.swift; path = ProfileService.swift; sourceTree = "<group>"; };
		E9DAA0F42B74185500A018ED /* URLSession+Extension.swift */ = {isa = PBXFileReference; lastKnownFileType = sourcecode.swift; path = "URLSession+Extension.swift"; sourceTree = "<group>"; };
		E9DAA0F92B74200E00A018ED /* OAuthTokenResponseBody.swift */ = {isa = PBXFileReference; lastKnownFileType = sourcecode.swift; path = OAuthTokenResponseBody.swift; sourceTree = "<group>"; };
		E9DAA0FC2B754F0100A018ED /* ProfileModel.swift */ = {isa = PBXFileReference; lastKnownFileType = sourcecode.swift; path = ProfileModel.swift; sourceTree = "<group>"; };
		E9DAA0FE2B754F2400A018ED /* ProfileResultModel.swift */ = {isa = PBXFileReference; lastKnownFileType = sourcecode.swift; path = ProfileResultModel.swift; sourceTree = "<group>"; };
		E9DAA1002B75515000A018ED /* URLRequestExtension.swift */ = {isa = PBXFileReference; lastKnownFileType = sourcecode.swift; path = URLRequestExtension.swift; sourceTree = "<group>"; };
		E9DAA1052B7BDE5F00A018ED /* ProfileImageService.swift */ = {isa = PBXFileReference; lastKnownFileType = sourcecode.swift; path = ProfileImageService.swift; sourceTree = "<group>"; };
		E9DAA1092B7BE20300A018ED /* UserResultModel.swift */ = {isa = PBXFileReference; lastKnownFileType = sourcecode.swift; path = UserResultModel.swift; sourceTree = "<group>"; };
		E9DAA10B2B7BF68100A018ED /* AlertModel.swift */ = {isa = PBXFileReference; lastKnownFileType = sourcecode.swift; path = AlertModel.swift; sourceTree = "<group>"; };
		E9DAA10F2B7BF8A900A018ED /* AlertPresenter.swift */ = {isa = PBXFileReference; lastKnownFileType = sourcecode.swift; path = AlertPresenter.swift; sourceTree = "<group>"; };
		E9E196FC2B5F237000E666AA /* AuthViewController.swift */ = {isa = PBXFileReference; lastKnownFileType = sourcecode.swift; path = AuthViewController.swift; sourceTree = "<group>"; };
		E9E196FF2B5F2E9200E666AA /* WebViewViewController.swift */ = {isa = PBXFileReference; lastKnownFileType = sourcecode.swift; path = WebViewViewController.swift; sourceTree = "<group>"; };
		E9E6D15E2B88CE0700CD3C39 /* ProfileLogoutService.swift */ = {isa = PBXFileReference; lastKnownFileType = sourcecode.swift; path = ProfileLogoutService.swift; sourceTree = "<group>"; };
/* End PBXFileReference section */

/* Begin PBXFrameworksBuildPhase section */
		E9A507EC2B18D2EB0009D5B5 /* Frameworks */ = {
			isa = PBXFrameworksBuildPhase;
			buildActionMask = 2147483647;
			files = (
				E9A3F4FA2B7D3EBE0048B4BF /* Kingfisher in Frameworks */,
				E9DAA0F82B741AFB00A018ED /* SwiftKeychainWrapper in Frameworks */,
				E9B0CEB52B6D57180073168C /* ProgressHUD in Frameworks */,
			);
			runOnlyForDeploymentPostprocessing = 0;
		};
/* End PBXFrameworksBuildPhase section */

/* Begin PBXGroup section */
		E90478BF2B20B92300F6488D /* ImagesList */ = {
			isa = PBXGroup;
			children = (
				E90478BD2B20B8DB00F6488D /* ImagesListCell.swift */,
				E9A507F62B18D2EB0009D5B5 /* ImagesListViewController.swift */,
				E9C5A8E92B851C630045D054 /* ImagesListService.swift */,
			);
			path = ImagesList;
			sourceTree = "<group>";
		};
		E95C94582B338091004A1F4D /* Profile */ = {
			isa = PBXGroup;
			children = (
				E93B9A432B2B51F00032E56D /* ProfileViewController.swift */,
				E9DAA1052B7BDE5F00A018ED /* ProfileImageService.swift */,
				E9DAA0F12B72AAB300A018ED /* ProfileService.swift */,
				E9E6D15E2B88CE0700CD3C39 /* ProfileLogoutService.swift */,
			);
			path = Profile;
			sourceTree = "<group>";
		};
		E970FE722B474DC100F7B928 /* SingleImageView */ = {
			isa = PBXGroup;
			children = (
				E970FE732B474DEE00F7B928 /* SingleImageViewController.swift */,
			);
			path = SingleImageView;
			sourceTree = "<group>";
		};
		E9A3F4FD2B7E49AA0048B4BF /* TabBarController */ = {
			isa = PBXGroup;
			children = (
				E9A3F4FB2B7D55940048B4BF /* TabBarController.swift */,
			);
			path = TabBarController;
			sourceTree = "<group>";
		};
		E9A507E62B18D2EB0009D5B5 = {
			isa = PBXGroup;
			children = (
				E9A507F12B18D2EB0009D5B5 /* ImageFeed */,
				E9A507F02B18D2EB0009D5B5 /* Products */,
			);
			sourceTree = "<group>";
		};
		E9A507F02B18D2EB0009D5B5 /* Products */ = {
			isa = PBXGroup;
			children = (
				E9A507EF2B18D2EB0009D5B5 /* ImageFeed.app */,
			);
			name = Products;
			sourceTree = "<group>";
		};
		E9A507F12B18D2EB0009D5B5 /* ImageFeed */ = {
			isa = PBXGroup;
			children = (
				E9A507F22B18D2EB0009D5B5 /* AppDelegate.swift */,
				E9A507F42B18D2EB0009D5B5 /* SceneDelegate.swift */,
				E9A3F4FD2B7E49AA0048B4BF /* TabBarController */,
				E9DAA10E2B7BF89000A018ED /* Alert */,
				E9DAA1022B75517C00A018ED /* Services */,
				E9DAA0FB2B754EE700A018ED /* Models */,
				E9B0CEA72B6931010073168C /* ServiceAccessLayer */,
				E9B0CEAD2B695CD20073168C /* SplashViewController */,
				E9E196FE2B5F286D00E666AA /* Auth */,
				E95C94582B338091004A1F4D /* Profile */,
				E90478BF2B20B92300F6488D /* ImagesList */,
				E970FE722B474DC100F7B928 /* SingleImageView */,
				E9A507F82B18D2EB0009D5B5 /* Main.storyboard */,
				E9A507FD2B18D2ED0009D5B5 /* LaunchScreen.storyboard */,
				E9A508002B18D2ED0009D5B5 /* Info.plist */,
				E9A507FB2B18D2ED0009D5B5 /* Assets.xcassets */,
			);
			path = ImageFeed;
			sourceTree = "<group>";
		};
		E9B0CEA72B6931010073168C /* ServiceAccessLayer */ = {
			isa = PBXGroup;
			children = (
				E9B0CEA82B6931150073168C /* OAuth2 */,
			);
			path = ServiceAccessLayer;
			sourceTree = "<group>";
		};
		E9B0CEA82B6931150073168C /* OAuth2 */ = {
			isa = PBXGroup;
			children = (
				E9B0CEA92B69313A0073168C /* OAuth2Service.swift */,
				E9B0CEAB2B69315B0073168C /* OAuth2TokenStorage.swift */,
				E9DAA0F92B74200E00A018ED /* OAuthTokenResponseBody.swift */,
			);
			path = OAuth2;
			sourceTree = "<group>";
		};
		E9B0CEAD2B695CD20073168C /* SplashViewController */ = {
			isa = PBXGroup;
			children = (
				E9B0CEAE2B695CFC0073168C /* SplashViewController.swift */,
			);
			path = SplashViewController;
			sourceTree = "<group>";
		};
		E9DAA0FB2B754EE700A018ED /* Models */ = {
			isa = PBXGroup;
			children = (
				E9DAA0FC2B754F0100A018ED /* ProfileModel.swift */,
				E9DAA0FE2B754F2400A018ED /* ProfileResultModel.swift */,
				E9DAA1092B7BE20300A018ED /* UserResultModel.swift */,
				E9C5A8EB2B8542BC0045D054 /* PhotoResultModel.swift */,
			);
			path = Models;
			sourceTree = "<group>";
		};
		E9DAA1022B75517C00A018ED /* Services */ = {
			isa = PBXGroup;
			children = (
				E9A0C3462B598BDE001AEF1D /* Constants.swift */,
				E9DAA1002B75515000A018ED /* URLRequestExtension.swift */,
				E9DAA0F42B74185500A018ED /* URLSession+Extension.swift */,
				E9DAA0EF2B72A38000A018ED /* UIBlockingProgressHUD.swift */,
			);
			path = Services;
			sourceTree = "<group>";
		};
		E9DAA10E2B7BF89000A018ED /* Alert */ = {
			isa = PBXGroup;
			children = (
				E9DAA10B2B7BF68100A018ED /* AlertModel.swift */,
				E9DAA10F2B7BF8A900A018ED /* AlertPresenter.swift */,
			);
			path = Alert;
			sourceTree = "<group>";
		};
		E9E196FE2B5F286D00E666AA /* Auth */ = {
			isa = PBXGroup;
			children = (
				E9E196FC2B5F237000E666AA /* AuthViewController.swift */,
				E9E196FF2B5F2E9200E666AA /* WebViewViewController.swift */,
				E9B07A072B97914D00D881B1 /* WebViewPresenter.swift */,
			);
			path = Auth;
			sourceTree = "<group>";
		};
/* End PBXGroup section */

/* Begin PBXNativeTarget section */
		E9A507EE2B18D2EB0009D5B5 /* ImageFeed */ = {
			isa = PBXNativeTarget;
			buildConfigurationList = E9A508192B18D2ED0009D5B5 /* Build configuration list for PBXNativeTarget "ImageFeed" */;
			buildPhases = (
				E9A507EB2B18D2EB0009D5B5 /* Sources */,
				E9A507EC2B18D2EB0009D5B5 /* Frameworks */,
				E9A507ED2B18D2EB0009D5B5 /* Resources */,
			);
			buildRules = (
			);
			dependencies = (
			);
			name = ImageFeed;
			packageProductDependencies = (
				E9B0CEB42B6D57180073168C /* ProgressHUD */,
				E9DAA0F72B741AFB00A018ED /* SwiftKeychainWrapper */,
				E9A3F4F92B7D3EBE0048B4BF /* Kingfisher */,
			);
			productName = ImageFeed;
			productReference = E9A507EF2B18D2EB0009D5B5 /* ImageFeed.app */;
			productType = "com.apple.product-type.application";
		};
/* End PBXNativeTarget section */

/* Begin PBXProject section */
		E9A507E72B18D2EB0009D5B5 /* Project object */ = {
			isa = PBXProject;
			attributes = {
				BuildIndependentTargetsInParallel = 1;
				LastSwiftUpdateCheck = 1520;
				LastUpgradeCheck = 1500;
				TargetAttributes = {
					E9A507EE2B18D2EB0009D5B5 = {
						CreatedOnToolsVersion = 15.0.1;
					};
				};
			};
			buildConfigurationList = E9A507EA2B18D2EB0009D5B5 /* Build configuration list for PBXProject "ImageFeed" */;
			compatibilityVersion = "Xcode 14.0";
			developmentRegion = en;
			hasScannedForEncodings = 0;
			knownRegions = (
				en,
				Base,
			);
			mainGroup = E9A507E62B18D2EB0009D5B5;
			packageReferences = (
				E9B0CEB32B6D57180073168C /* XCRemoteSwiftPackageReference "ProgressHUD" */,
				E9DAA0F62B741AFB00A018ED /* XCRemoteSwiftPackageReference "SwiftKeychainWrapper" */,
				E9A3F4F82B7D3EBE0048B4BF /* XCRemoteSwiftPackageReference "Kingfisher" */,
			);
			productRefGroup = E9A507F02B18D2EB0009D5B5 /* Products */;
			projectDirPath = "";
			projectRoot = "";
			targets = (
				E9A507EE2B18D2EB0009D5B5 /* ImageFeed */,
			);
		};
/* End PBXProject section */

/* Begin PBXResourcesBuildPhase section */
		E9A507ED2B18D2EB0009D5B5 /* Resources */ = {
			isa = PBXResourcesBuildPhase;
			buildActionMask = 2147483647;
			files = (
				E9A507FF2B18D2ED0009D5B5 /* LaunchScreen.storyboard in Resources */,
				E9A507FC2B18D2ED0009D5B5 /* Assets.xcassets in Resources */,
				E9A507FA2B18D2EB0009D5B5 /* Main.storyboard in Resources */,
			);
			runOnlyForDeploymentPostprocessing = 0;
		};
/* End PBXResourcesBuildPhase section */

/* Begin PBXSourcesBuildPhase section */
		E9A507EB2B18D2EB0009D5B5 /* Sources */ = {
			isa = PBXSourcesBuildPhase;
			buildActionMask = 2147483647;
			files = (
				E9A507F72B18D2EB0009D5B5 /* ImagesListViewController.swift in Sources */,
				E9A3F4FC2B7D55940048B4BF /* TabBarController.swift in Sources */,
				E90478BE2B20B8DB00F6488D /* ImagesListCell.swift in Sources */,
				E93B9A442B2B51F00032E56D /* ProfileViewController.swift in Sources */,
				E9B0CEAF2B695CFC0073168C /* SplashViewController.swift in Sources */,
				E9DAA1012B75515000A018ED /* URLRequestExtension.swift in Sources */,
				E9A507F32B18D2EB0009D5B5 /* AppDelegate.swift in Sources */,
				E9B0CEAC2B69315B0073168C /* OAuth2TokenStorage.swift in Sources */,
				E9DAA0FA2B74200E00A018ED /* OAuthTokenResponseBody.swift in Sources */,
				E9DAA0F02B72A38000A018ED /* UIBlockingProgressHUD.swift in Sources */,
				E9E196FD2B5F237000E666AA /* AuthViewController.swift in Sources */,
				E9DAA0FD2B754F0100A018ED /* ProfileModel.swift in Sources */,
				E9A0C3472B598BDE001AEF1D /* Constants.swift in Sources */,
				E9DAA10C2B7BF68100A018ED /* AlertModel.swift in Sources */,
				E970FE742B474DEE00F7B928 /* SingleImageViewController.swift in Sources */,
				E9DAA0FF2B754F2400A018ED /* ProfileResultModel.swift in Sources */,
				E9DAA10A2B7BE20300A018ED /* UserResultModel.swift in Sources */,
				E9E197002B5F2E9200E666AA /* WebViewViewController.swift in Sources */,
				E9DAA0F52B74185500A018ED /* URLSession+Extension.swift in Sources */,
				E9B0CEAA2B69313A0073168C /* OAuth2Service.swift in Sources */,
				E9B07A082B97914D00D881B1 /* WebViewPresenter.swift in Sources */,
				E9DAA1062B7BDE5F00A018ED /* ProfileImageService.swift in Sources */,
				E9C5A8EA2B851C630045D054 /* ImagesListService.swift in Sources */,
				E9C5A8EC2B8542BC0045D054 /* PhotoResultModel.swift in Sources */,
				E9A507F52B18D2EB0009D5B5 /* SceneDelegate.swift in Sources */,
				E9DAA0F22B72AAB300A018ED /* ProfileService.swift in Sources */,
				E9E6D15F2B88CE0700CD3C39 /* ProfileLogoutService.swift in Sources */,
				E9DAA1102B7BF8A900A018ED /* AlertPresenter.swift in Sources */,
			);
			runOnlyForDeploymentPostprocessing = 0;
		};
/* End PBXSourcesBuildPhase section */

/* Begin PBXVariantGroup section */
		E9A507F82B18D2EB0009D5B5 /* Main.storyboard */ = {
			isa = PBXVariantGroup;
			children = (
				E9A507F92B18D2EB0009D5B5 /* Base */,
			);
			name = Main.storyboard;
			sourceTree = "<group>";
		};
		E9A507FD2B18D2ED0009D5B5 /* LaunchScreen.storyboard */ = {
			isa = PBXVariantGroup;
			children = (
				E9A507FE2B18D2ED0009D5B5 /* Base */,
			);
			name = LaunchScreen.storyboard;
			sourceTree = "<group>";
		};
/* End PBXVariantGroup section */

/* Begin XCBuildConfiguration section */
		E9A508172B18D2ED0009D5B5 /* Debug */ = {
			isa = XCBuildConfiguration;
			buildSettings = {
				ALWAYS_SEARCH_USER_PATHS = NO;
				ASSETCATALOG_COMPILER_GENERATE_SWIFT_ASSET_SYMBOL_EXTENSIONS = YES;
				CLANG_ANALYZER_NONNULL = YES;
				CLANG_ANALYZER_NUMBER_OBJECT_CONVERSION = YES_AGGRESSIVE;
				CLANG_CXX_LANGUAGE_STANDARD = "gnu++20";
				CLANG_ENABLE_MODULES = YES;
				CLANG_ENABLE_OBJC_ARC = YES;
				CLANG_ENABLE_OBJC_WEAK = YES;
				CLANG_WARN_BLOCK_CAPTURE_AUTORELEASING = YES;
				CLANG_WARN_BOOL_CONVERSION = YES;
				CLANG_WARN_COMMA = YES;
				CLANG_WARN_CONSTANT_CONVERSION = YES;
				CLANG_WARN_DEPRECATED_OBJC_IMPLEMENTATIONS = YES;
				CLANG_WARN_DIRECT_OBJC_ISA_USAGE = YES_ERROR;
				CLANG_WARN_DOCUMENTATION_COMMENTS = YES;
				CLANG_WARN_EMPTY_BODY = YES;
				CLANG_WARN_ENUM_CONVERSION = YES;
				CLANG_WARN_INFINITE_RECURSION = YES;
				CLANG_WARN_INT_CONVERSION = YES;
				CLANG_WARN_NON_LITERAL_NULL_CONVERSION = YES;
				CLANG_WARN_OBJC_IMPLICIT_RETAIN_SELF = YES;
				CLANG_WARN_OBJC_LITERAL_CONVERSION = YES;
				CLANG_WARN_OBJC_ROOT_CLASS = YES_ERROR;
				CLANG_WARN_QUOTED_INCLUDE_IN_FRAMEWORK_HEADER = YES;
				CLANG_WARN_RANGE_LOOP_ANALYSIS = YES;
				CLANG_WARN_STRICT_PROTOTYPES = YES;
				CLANG_WARN_SUSPICIOUS_MOVE = YES;
				CLANG_WARN_UNGUARDED_AVAILABILITY = YES_AGGRESSIVE;
				CLANG_WARN_UNREACHABLE_CODE = YES;
				CLANG_WARN__DUPLICATE_METHOD_MATCH = YES;
				COPY_PHASE_STRIP = NO;
				DEBUG_INFORMATION_FORMAT = dwarf;
				ENABLE_STRICT_OBJC_MSGSEND = YES;
				ENABLE_TESTABILITY = YES;
				ENABLE_USER_SCRIPT_SANDBOXING = YES;
				GCC_C_LANGUAGE_STANDARD = gnu17;
				GCC_DYNAMIC_NO_PIC = NO;
				GCC_NO_COMMON_BLOCKS = YES;
				GCC_OPTIMIZATION_LEVEL = 0;
				GCC_PREPROCESSOR_DEFINITIONS = (
					"DEBUG=1",
					"$(inherited)",
				);
				GCC_WARN_64_TO_32_BIT_CONVERSION = YES;
				GCC_WARN_ABOUT_RETURN_TYPE = YES_ERROR;
				GCC_WARN_UNDECLARED_SELECTOR = YES;
				GCC_WARN_UNINITIALIZED_AUTOS = YES_AGGRESSIVE;
				GCC_WARN_UNUSED_FUNCTION = YES;
				GCC_WARN_UNUSED_VARIABLE = YES;
				IPHONEOS_DEPLOYMENT_TARGET = 17.0;
				LOCALIZATION_PREFERS_STRING_CATALOGS = YES;
				MTL_ENABLE_DEBUG_INFO = INCLUDE_SOURCE;
				MTL_FAST_MATH = YES;
				ONLY_ACTIVE_ARCH = YES;
				SDKROOT = iphoneos;
				SWIFT_ACTIVE_COMPILATION_CONDITIONS = "DEBUG $(inherited)";
				SWIFT_OPTIMIZATION_LEVEL = "-Onone";
			};
			name = Debug;
		};
		E9A508182B18D2ED0009D5B5 /* Release */ = {
			isa = XCBuildConfiguration;
			buildSettings = {
				ALWAYS_SEARCH_USER_PATHS = NO;
				ASSETCATALOG_COMPILER_GENERATE_SWIFT_ASSET_SYMBOL_EXTENSIONS = YES;
				CLANG_ANALYZER_NONNULL = YES;
				CLANG_ANALYZER_NUMBER_OBJECT_CONVERSION = YES_AGGRESSIVE;
				CLANG_CXX_LANGUAGE_STANDARD = "gnu++20";
				CLANG_ENABLE_MODULES = YES;
				CLANG_ENABLE_OBJC_ARC = YES;
				CLANG_ENABLE_OBJC_WEAK = YES;
				CLANG_WARN_BLOCK_CAPTURE_AUTORELEASING = YES;
				CLANG_WARN_BOOL_CONVERSION = YES;
				CLANG_WARN_COMMA = YES;
				CLANG_WARN_CONSTANT_CONVERSION = YES;
				CLANG_WARN_DEPRECATED_OBJC_IMPLEMENTATIONS = YES;
				CLANG_WARN_DIRECT_OBJC_ISA_USAGE = YES_ERROR;
				CLANG_WARN_DOCUMENTATION_COMMENTS = YES;
				CLANG_WARN_EMPTY_BODY = YES;
				CLANG_WARN_ENUM_CONVERSION = YES;
				CLANG_WARN_INFINITE_RECURSION = YES;
				CLANG_WARN_INT_CONVERSION = YES;
				CLANG_WARN_NON_LITERAL_NULL_CONVERSION = YES;
				CLANG_WARN_OBJC_IMPLICIT_RETAIN_SELF = YES;
				CLANG_WARN_OBJC_LITERAL_CONVERSION = YES;
				CLANG_WARN_OBJC_ROOT_CLASS = YES_ERROR;
				CLANG_WARN_QUOTED_INCLUDE_IN_FRAMEWORK_HEADER = YES;
				CLANG_WARN_RANGE_LOOP_ANALYSIS = YES;
				CLANG_WARN_STRICT_PROTOTYPES = YES;
				CLANG_WARN_SUSPICIOUS_MOVE = YES;
				CLANG_WARN_UNGUARDED_AVAILABILITY = YES_AGGRESSIVE;
				CLANG_WARN_UNREACHABLE_CODE = YES;
				CLANG_WARN__DUPLICATE_METHOD_MATCH = YES;
				COPY_PHASE_STRIP = NO;
				DEBUG_INFORMATION_FORMAT = "dwarf-with-dsym";
				ENABLE_NS_ASSERTIONS = NO;
				ENABLE_STRICT_OBJC_MSGSEND = YES;
				ENABLE_USER_SCRIPT_SANDBOXING = YES;
				GCC_C_LANGUAGE_STANDARD = gnu17;
				GCC_NO_COMMON_BLOCKS = YES;
				GCC_WARN_64_TO_32_BIT_CONVERSION = YES;
				GCC_WARN_ABOUT_RETURN_TYPE = YES_ERROR;
				GCC_WARN_UNDECLARED_SELECTOR = YES;
				GCC_WARN_UNINITIALIZED_AUTOS = YES_AGGRESSIVE;
				GCC_WARN_UNUSED_FUNCTION = YES;
				GCC_WARN_UNUSED_VARIABLE = YES;
				IPHONEOS_DEPLOYMENT_TARGET = 17.0;
				LOCALIZATION_PREFERS_STRING_CATALOGS = YES;
				MTL_ENABLE_DEBUG_INFO = NO;
				MTL_FAST_MATH = YES;
				SDKROOT = iphoneos;
				SWIFT_COMPILATION_MODE = wholemodule;
				VALIDATE_PRODUCT = YES;
			};
			name = Release;
		};
		E9A5081A2B18D2ED0009D5B5 /* Debug */ = {
			isa = XCBuildConfiguration;
			buildSettings = {
				ASSETCATALOG_COMPILER_APPICON_NAME = AppIcon;
				ASSETCATALOG_COMPILER_GLOBAL_ACCENT_COLOR_NAME = AccentColor;
				CODE_SIGN_STYLE = Automatic;
				CURRENT_PROJECT_VERSION = 1;
				DEVELOPMENT_TEAM = 6VCXFM3Z9Z;
				GENERATE_INFOPLIST_FILE = YES;
				INFOPLIST_FILE = ImageFeed/Info.plist;
				INFOPLIST_KEY_UIApplicationSupportsIndirectInputEvents = YES;
				INFOPLIST_KEY_UILaunchStoryboardName = LaunchScreen;
				INFOPLIST_KEY_UIMainStoryboardFile = Main;
				INFOPLIST_KEY_UISupportedInterfaceOrientations = UIInterfaceOrientationPortrait;
				INFOPLIST_KEY_UISupportedInterfaceOrientations_iPad = "UIInterfaceOrientationLandscapeLeft UIInterfaceOrientationLandscapeRight";
				IPHONEOS_DEPLOYMENT_TARGET = 13.0;
				LD_RUNPATH_SEARCH_PATHS = (
					"$(inherited)",
					"@executable_path/Frameworks",
				);
				MARKETING_VERSION = 1.0;
				PRODUCT_BUNDLE_IDENTIFIER = ru.yandex.pavelNiki00practicum.ImageFeed;
				PRODUCT_NAME = "$(TARGET_NAME)";
				SUPPORTED_PLATFORMS = "iphoneos iphonesimulator";
				SUPPORTS_MACCATALYST = NO;
				SWIFT_EMIT_LOC_STRINGS = YES;
				SWIFT_VERSION = 5.0;
				TARGETED_DEVICE_FAMILY = 1;
			};
			name = Debug;
		};
		E9A5081B2B18D2ED0009D5B5 /* Release */ = {
			isa = XCBuildConfiguration;
			buildSettings = {
				ASSETCATALOG_COMPILER_APPICON_NAME = AppIcon;
				ASSETCATALOG_COMPILER_GLOBAL_ACCENT_COLOR_NAME = AccentColor;
				CODE_SIGN_STYLE = Automatic;
				CURRENT_PROJECT_VERSION = 1;
				DEVELOPMENT_TEAM = 6VCXFM3Z9Z;
				GENERATE_INFOPLIST_FILE = YES;
				INFOPLIST_FILE = ImageFeed/Info.plist;
				INFOPLIST_KEY_UIApplicationSupportsIndirectInputEvents = YES;
				INFOPLIST_KEY_UILaunchStoryboardName = LaunchScreen;
				INFOPLIST_KEY_UIMainStoryboardFile = Main;
				INFOPLIST_KEY_UISupportedInterfaceOrientations = UIInterfaceOrientationPortrait;
				INFOPLIST_KEY_UISupportedInterfaceOrientations_iPad = "UIInterfaceOrientationLandscapeLeft UIInterfaceOrientationLandscapeRight";
				IPHONEOS_DEPLOYMENT_TARGET = 13.0;
				LD_RUNPATH_SEARCH_PATHS = (
					"$(inherited)",
					"@executable_path/Frameworks",
				);
				MARKETING_VERSION = 1.0;
				PRODUCT_BUNDLE_IDENTIFIER = ru.yandex.pavelNiki00practicum.ImageFeed;
				PRODUCT_NAME = "$(TARGET_NAME)";
				SUPPORTED_PLATFORMS = "iphoneos iphonesimulator";
				SUPPORTS_MACCATALYST = NO;
				SWIFT_EMIT_LOC_STRINGS = YES;
				SWIFT_VERSION = 5.0;
				TARGETED_DEVICE_FAMILY = 1;
			};
			name = Release;
		};
/* End XCBuildConfiguration section */

/* Begin XCConfigurationList section */
		E9A507EA2B18D2EB0009D5B5 /* Build configuration list for PBXProject "ImageFeed" */ = {
			isa = XCConfigurationList;
			buildConfigurations = (
				E9A508172B18D2ED0009D5B5 /* Debug */,
				E9A508182B18D2ED0009D5B5 /* Release */,
			);
			defaultConfigurationIsVisible = 0;
			defaultConfigurationName = Release;
		};
		E9A508192B18D2ED0009D5B5 /* Build configuration list for PBXNativeTarget "ImageFeed" */ = {
			isa = XCConfigurationList;
			buildConfigurations = (
				E9A5081A2B18D2ED0009D5B5 /* Debug */,
				E9A5081B2B18D2ED0009D5B5 /* Release */,
			);
			defaultConfigurationIsVisible = 0;
			defaultConfigurationName = Release;
		};
/* End XCConfigurationList section */

/* Begin XCRemoteSwiftPackageReference section */
		E9A3F4F82B7D3EBE0048B4BF /* XCRemoteSwiftPackageReference "Kingfisher" */ = {
			isa = XCRemoteSwiftPackageReference;
			repositoryURL = "https://github.com/onevcat/Kingfisher.git";
			requirement = {
				kind = upToNextMajorVersion;
				minimumVersion = 7.11.0;
			};
		};
		E9B0CEB32B6D57180073168C /* XCRemoteSwiftPackageReference "ProgressHUD" */ = {
			isa = XCRemoteSwiftPackageReference;
			repositoryURL = "https://github.com/relatedcode/ProgressHUD";
			requirement = {
				kind = upToNextMajorVersion;
				minimumVersion = 14.1.1;
			};
		};
		E9DAA0F62B741AFB00A018ED /* XCRemoteSwiftPackageReference "SwiftKeychainWrapper" */ = {
			isa = XCRemoteSwiftPackageReference;
			repositoryURL = "https://github.com/jrendel/SwiftKeychainWrapper?ysclid=lsc828s0pc914243827";
			requirement = {
				kind = upToNextMajorVersion;
				minimumVersion = 4.0.1;
			};
		};
/* End XCRemoteSwiftPackageReference section */

/* Begin XCSwiftPackageProductDependency section */
		E9A3F4F92B7D3EBE0048B4BF /* Kingfisher */ = {
			isa = XCSwiftPackageProductDependency;
			package = E9A3F4F82B7D3EBE0048B4BF /* XCRemoteSwiftPackageReference "Kingfisher" */;
			productName = Kingfisher;
		};
		E9B0CEB42B6D57180073168C /* ProgressHUD */ = {
			isa = XCSwiftPackageProductDependency;
			package = E9B0CEB32B6D57180073168C /* XCRemoteSwiftPackageReference "ProgressHUD" */;
			productName = ProgressHUD;
		};
		E9DAA0F72B741AFB00A018ED /* SwiftKeychainWrapper */ = {
			isa = XCSwiftPackageProductDependency;
			package = E9DAA0F62B741AFB00A018ED /* XCRemoteSwiftPackageReference "SwiftKeychainWrapper" */;
			productName = SwiftKeychainWrapper;
		};
/* End XCSwiftPackageProductDependency section */
	};
	rootObject = E9A507E72B18D2EB0009D5B5 /* Project object */;
}
